
Microsoft Visual Studio Solution File, Format Version 11.00
# Visual Studio 2010
# SharpDevelop 4.4
Project("{FD48973F-F585-4F70-812B-4D0503B36CE9}") = "HelloWorld", "HelloWorld\HelloWorld.pyproj", "{764F8C15-3B42-4EC6-BD50-E2BDC665676D}"
EndProject
Global
	GlobalSection(SolutionConfigurationPlatforms) = preSolution
		Debug|Any CPU = Debug|Any CPU
		Release|Any CPU = Release|Any CPU
	EndGlobalSection
	GlobalSection(ProjectConfigurationPlatforms) = postSolution
		{764F8C15-3B42-4EC6-BD50-E2BDC665676D}.Debug|Any CPU.Build.0 = Debug|Any CPU
		{764F8C15-3B42-4EC6-BD50-E2BDC665676D}.Debug|Any CPU.ActiveCfg = Debug|Any CPU
		{764F8C15-3B42-4EC6-BD50-E2BDC665676D}.Release|Any CPU.Build.0 = Release|Any CPU
		{764F8C15-3B42-4EC6-BD50-E2BDC665676D}.Release|Any CPU.ActiveCfg = Release|Any CPU
	EndGlobalSection
EndGlobal
