
Microsoft Visual Studio Solution File, Format Version 11.00
# Visual Studio 2010
# SharpDevelop 4.4
Project("{FD48973F-F585-4F70-812B-4D0503B36CE9}") = "Prog54c", "Prog54c\Prog54c.pyproj", "{8CE222F9-F92F-411E-B4C5-C3419A48714B}"
EndProject
Global
	GlobalSection(SolutionConfigurationPlatforms) = preSolution
		Debug|Any CPU = Debug|Any CPU
		Release|Any CPU = Release|Any CPU
	EndGlobalSection
	GlobalSection(ProjectConfigurationPlatforms) = postSolution
		{8CE222F9-F92F-411E-B4C5-C3419A48714B}.Debug|Any CPU.Build.0 = Debug|Any CPU
		{8CE222F9-F92F-411E-B4C5-C3419A48714B}.Debug|Any CPU.ActiveCfg = Debug|Any CPU
		{8CE222F9-F92F-411E-B4C5-C3419A48714B}.Release|Any CPU.Build.0 = Release|Any CPU
		{8CE222F9-F92F-411E-B4C5-C3419A48714B}.Release|Any CPU.ActiveCfg = Release|Any CPU
	EndGlobalSection
EndGlobal
