
Microsoft Visual Studio Solution File, Format Version 11.00
# Visual Studio 2010
# SharpDevelop 4.4
Project("{FD48973F-F585-4F70-812B-4D0503B36CE9}") = "Prog 1 final", "Prog 1 final\Prog 1 final.pyproj", "{605225C8-90C2-4203-9656-79117DBAD09F}"
EndProject
Global
	GlobalSection(SolutionConfigurationPlatforms) = preSolution
		Debug|Any CPU = Debug|Any CPU
		Release|Any CPU = Release|Any CPU
	EndGlobalSection
	GlobalSection(ProjectConfigurationPlatforms) = postSolution
		{605225C8-90C2-4203-9656-79117DBAD09F}.Debug|Any CPU.Build.0 = Debug|Any CPU
		{605225C8-90C2-4203-9656-79117DBAD09F}.Debug|Any CPU.ActiveCfg = Debug|Any CPU
		{605225C8-90C2-4203-9656-79117DBAD09F}.Release|Any CPU.Build.0 = Release|Any CPU
		{605225C8-90C2-4203-9656-79117DBAD09F}.Release|Any CPU.ActiveCfg = Release|Any CPU
	EndGlobalSection
EndGlobal
