
Microsoft Visual Studio Solution File, Format Version 11.00
# Visual Studio 2010
# SharpDevelop 4.4
Project("{FD48973F-F585-4F70-812B-4D0503B36CE9}") = "AboutMe", "AboutMe\AboutMe.pyproj", "{FD03542D-6254-4889-B781-E0F2739FC02A}"
EndProject
Global
	GlobalSection(SolutionConfigurationPlatforms) = preSolution
		Debug|Any CPU = Debug|Any CPU
		Release|Any CPU = Release|Any CPU
	EndGlobalSection
	GlobalSection(ProjectConfigurationPlatforms) = postSolution
		{FD03542D-6254-4889-B781-E0F2739FC02A}.Debug|Any CPU.Build.0 = Debug|Any CPU
		{FD03542D-6254-4889-B781-E0F2739FC02A}.Debug|Any CPU.ActiveCfg = Debug|Any CPU
		{FD03542D-6254-4889-B781-E0F2739FC02A}.Release|Any CPU.Build.0 = Release|Any CPU
		{FD03542D-6254-4889-B781-E0F2739FC02A}.Release|Any CPU.ActiveCfg = Release|Any CPU
	EndGlobalSection
EndGlobal
