
Microsoft Visual Studio Solution File, Format Version 11.00
# Visual Studio 2010
# SharpDevelop 4.4
Project("{FD48973F-F585-4F70-812B-4D0503B36CE9}") = "MySchedule", "MySchedule\MySchedule.pyproj", "{493D4529-EFEC-42B3-8C57-9488AB310026}"
EndProject
Global
	GlobalSection(SolutionConfigurationPlatforms) = preSolution
		Debug|Any CPU = Debug|Any CPU
		Release|Any CPU = Release|Any CPU
	EndGlobalSection
	GlobalSection(ProjectConfigurationPlatforms) = postSolution
		{493D4529-EFEC-42B3-8C57-9488AB310026}.Debug|Any CPU.Build.0 = Debug|Any CPU
		{493D4529-EFEC-42B3-8C57-9488AB310026}.Debug|Any CPU.ActiveCfg = Debug|Any CPU
		{493D4529-EFEC-42B3-8C57-9488AB310026}.Release|Any CPU.Build.0 = Release|Any CPU
		{493D4529-EFEC-42B3-8C57-9488AB310026}.Release|Any CPU.ActiveCfg = Release|Any CPU
	EndGlobalSection
EndGlobal
