
Microsoft Visual Studio Solution File, Format Version 11.00
# Visual Studio 2010
# SharpDevelop 4.4
Project("{FD48973F-F585-4F70-812B-4D0503B36CE9}") = "Prog152b", "Prog152b\Prog152b.pyproj", "{1B27D744-E920-4E15-819B-83A84A04104D}"
EndProject
Global
	GlobalSection(SolutionConfigurationPlatforms) = preSolution
		Debug|Any CPU = Debug|Any CPU
		Release|Any CPU = Release|Any CPU
	EndGlobalSection
	GlobalSection(ProjectConfigurationPlatforms) = postSolution
		{1B27D744-E920-4E15-819B-83A84A04104D}.Debug|Any CPU.Build.0 = Debug|Any CPU
		{1B27D744-E920-4E15-819B-83A84A04104D}.Debug|Any CPU.ActiveCfg = Debug|Any CPU
		{1B27D744-E920-4E15-819B-83A84A04104D}.Release|Any CPU.Build.0 = Release|Any CPU
		{1B27D744-E920-4E15-819B-83A84A04104D}.Release|Any CPU.ActiveCfg = Release|Any CPU
	EndGlobalSection
EndGlobal
